// !$*UTF8*$!
{
	archiveVersion = 1;
	classes = {
	};
	objectVersion = 50;
	objects = {

/* Begin PBXBuildFile section */
		882A7A492353A33600DC4F02 /* TabBarController.swift in Sources */ = {isa = PBXBuildFile; fileRef = 882A7A482353A33600DC4F02 /* TabBarController.swift */; };
		889A511923543D2200589645 /* DetectionController.swift in Sources */ = {isa = PBXBuildFile; fileRef = 889A511823543D2200589645 /* DetectionController.swift */; };
		88CD31142351EF7F008C0055 /* AppDelegate.swift in Sources */ = {isa = PBXBuildFile; fileRef = 88CD31132351EF7F008C0055 /* AppDelegate.swift */; };
		88CD31162351EF7F008C0055 /* SceneDelegate.swift in Sources */ = {isa = PBXBuildFile; fileRef = 88CD31152351EF7F008C0055 /* SceneDelegate.swift */; };
		88CD31182351EF7F008C0055 /* ViewController.swift in Sources */ = {isa = PBXBuildFile; fileRef = 88CD31172351EF7F008C0055 /* ViewController.swift */; };
		88CD311B2351EF7F008C0055 /* Main.storyboard in Resources */ = {isa = PBXBuildFile; fileRef = 88CD31192351EF7F008C0055 /* Main.storyboard */; };
		88CD311E2351EF7F008C0055 /* Tupik.xcdatamodeld in Sources */ = {isa = PBXBuildFile; fileRef = 88CD311C2351EF7F008C0055 /* Tupik.xcdatamodeld */; };
		88CD31202351EF82008C0055 /* Assets.xcassets in Resources */ = {isa = PBXBuildFile; fileRef = 88CD311F2351EF82008C0055 /* Assets.xcassets */; };
		88CD31232351EF82008C0055 /* LaunchScreen.storyboard in Resources */ = {isa = PBXBuildFile; fileRef = 88CD31212351EF82008C0055 /* LaunchScreen.storyboard */; };
		88D8716423809E4B000275B8 /* RegistrationController.swift in Sources */ = {isa = PBXBuildFile; fileRef = 88D8716323809E4B000275B8 /* RegistrationController.swift */; };
		88D8716623809E6C000275B8 /* ConfirmController.swift in Sources */ = {isa = PBXBuildFile; fileRef = 88D8716523809E6C000275B8 /* ConfirmController.swift */; };
		88D871682380B441000275B8 /* SendMessageController.swift in Sources */ = {isa = PBXBuildFile; fileRef = 88D871672380B441000275B8 /* SendMessageController.swift */; };
		88D8716A2380C39C000275B8 /* MessagesController.swift in Sources */ = {isa = PBXBuildFile; fileRef = 88D871692380C39C000275B8 /* MessagesController.swift */; };
		88D8716C2380C723000275B8 /* TableViewCell.swift in Sources */ = {isa = PBXBuildFile; fileRef = 88D8716B2380C723000275B8 /* TableViewCell.swift */; };
/* End PBXBuildFile section */

/* Begin PBXFileReference section */
		882A7A482353A33600DC4F02 /* TabBarController.swift */ = {isa = PBXFileReference; lastKnownFileType = sourcecode.swift; path = TabBarController.swift; sourceTree = "<group>"; };
		889A511823543D2200589645 /* DetectionController.swift */ = {isa = PBXFileReference; lastKnownFileType = sourcecode.swift; path = DetectionController.swift; sourceTree = "<group>"; };
		88CD31102351EF7F008C0055 /* Tupik.app */ = {isa = PBXFileReference; explicitFileType = wrapper.application; includeInIndex = 0; path = Tupik.app; sourceTree = BUILT_PRODUCTS_DIR; };
		88CD31132351EF7F008C0055 /* AppDelegate.swift */ = {isa = PBXFileReference; lastKnownFileType = sourcecode.swift; path = AppDelegate.swift; sourceTree = "<group>"; };
		88CD31152351EF7F008C0055 /* SceneDelegate.swift */ = {isa = PBXFileReference; lastKnownFileType = sourcecode.swift; path = SceneDelegate.swift; sourceTree = "<group>"; };
		88CD31172351EF7F008C0055 /* ViewController.swift */ = {isa = PBXFileReference; lastKnownFileType = sourcecode.swift; path = ViewController.swift; sourceTree = "<group>"; };
		88CD311A2351EF7F008C0055 /* Base */ = {isa = PBXFileReference; lastKnownFileType = file.storyboard; name = Base; path = Base.lproj/Main.storyboard; sourceTree = "<group>"; };
		88CD311D2351EF7F008C0055 /* Tupik.xcdatamodel */ = {isa = PBXFileReference; lastKnownFileType = wrapper.xcdatamodel; path = Tupik.xcdatamodel; sourceTree = "<group>"; };
		88CD311F2351EF82008C0055 /* Assets.xcassets */ = {isa = PBXFileReference; lastKnownFileType = folder.assetcatalog; path = Assets.xcassets; sourceTree = "<group>"; };
		88CD31222351EF82008C0055 /* Base */ = {isa = PBXFileReference; lastKnownFileType = file.storyboard; name = Base; path = Base.lproj/LaunchScreen.storyboard; sourceTree = "<group>"; };
		88CD31242351EF82008C0055 /* Info.plist */ = {isa = PBXFileReference; lastKnownFileType = text.plist.xml; path = Info.plist; sourceTree = "<group>"; };
		88D8716323809E4B000275B8 /* RegistrationController.swift */ = {isa = PBXFileReference; lastKnownFileType = sourcecode.swift; path = RegistrationController.swift; sourceTree = "<group>"; };
		88D8716523809E6C000275B8 /* ConfirmController.swift */ = {isa = PBXFileReference; lastKnownFileType = sourcecode.swift; path = ConfirmController.swift; sourceTree = "<group>"; };
		88D871672380B441000275B8 /* SendMessageController.swift */ = {isa = PBXFileReference; lastKnownFileType = sourcecode.swift; path = SendMessageController.swift; sourceTree = "<group>"; };
		88D871692380C39C000275B8 /* MessagesController.swift */ = {isa = PBXFileReference; lastKnownFileType = sourcecode.swift; path = MessagesController.swift; sourceTree = "<group>"; };
		88D8716B2380C723000275B8 /* TableViewCell.swift */ = {isa = PBXFileReference; lastKnownFileType = sourcecode.swift; path = TableViewCell.swift; sourceTree = "<group>"; };
/* End PBXFileReference section */

/* Begin PBXFrameworksBuildPhase section */
		88CD310D2351EF7F008C0055 /* Frameworks */ = {
			isa = PBXFrameworksBuildPhase;
			buildActionMask = 2147483647;
			files = (
			);
			runOnlyForDeploymentPostprocessing = 0;
		};
/* End PBXFrameworksBuildPhase section */

/* Begin PBXGroup section */
		88CD31072351EF7F008C0055 = {
			isa = PBXGroup;
			children = (
				88CD31122351EF7F008C0055 /* Tupik */,
				88CD31112351EF7F008C0055 /* Products */,
			);
			sourceTree = "<group>";
		};
		88CD31112351EF7F008C0055 /* Products */ = {
			isa = PBXGroup;
			children = (
				88CD31102351EF7F008C0055 /* Tupik.app */,
			);
			name = Products;
			sourceTree = "<group>";
		};
		88CD31122351EF7F008C0055 /* Tupik */ = {
			isa = PBXGroup;
			children = (
				88CD31132351EF7F008C0055 /* AppDelegate.swift */,
				88CD31152351EF7F008C0055 /* SceneDelegate.swift */,
				88CD31172351EF7F008C0055 /* ViewController.swift */,
				88CD31192351EF7F008C0055 /* Main.storyboard */,
				88CD311F2351EF82008C0055 /* Assets.xcassets */,
				88CD31212351EF82008C0055 /* LaunchScreen.storyboard */,
				88CD31242351EF82008C0055 /* Info.plist */,
				88CD311C2351EF7F008C0055 /* Tupik.xcdatamodeld */,
				882A7A482353A33600DC4F02 /* TabBarController.swift */,
				889A511823543D2200589645 /* DetectionController.swift */,
				88D8716323809E4B000275B8 /* RegistrationController.swift */,
				88D8716523809E6C000275B8 /* ConfirmController.swift */,
				88D871672380B441000275B8 /* SendMessageController.swift */,
				88D871692380C39C000275B8 /* MessagesController.swift */,
				88D8716B2380C723000275B8 /* TableViewCell.swift */,
			);
			path = Tupik;
			sourceTree = "<group>";
		};
/* End PBXGroup section */

/* Begin PBXNativeTarget section */
		88CD310F2351EF7F008C0055 /* Tupik */ = {
			isa = PBXNativeTarget;
			buildConfigurationList = 88CD31272351EF82008C0055 /* Build configuration list for PBXNativeTarget "Tupik" */;
			buildPhases = (
				88CD310C2351EF7F008C0055 /* Sources */,
				88CD310D2351EF7F008C0055 /* Frameworks */,
				88CD310E2351EF7F008C0055 /* Resources */,
			);
			buildRules = (
			);
			dependencies = (
			);
			name = Tupik;
			productName = Tupik;
			productReference = 88CD31102351EF7F008C0055 /* Tupik.app */;
			productType = "com.apple.product-type.application";
		};
/* End PBXNativeTarget section */

/* Begin PBXProject section */
		88CD31082351EF7F008C0055 /* Project object */ = {
			isa = PBXProject;
			attributes = {
				LastSwiftUpdateCheck = 1110;
				LastUpgradeCheck = 1110;
				ORGANIZATIONNAME = XCode;
				TargetAttributes = {
					88CD310F2351EF7F008C0055 = {
						CreatedOnToolsVersion = 11.1;
					};
				};
			};
			buildConfigurationList = 88CD310B2351EF7F008C0055 /* Build configuration list for PBXProject "Tupik" */;
			compatibilityVersion = "Xcode 9.3";
			developmentRegion = en;
			hasScannedForEncodings = 0;
			knownRegions = (
				en,
				Base,
			);
			mainGroup = 88CD31072351EF7F008C0055;
			productRefGroup = 88CD31112351EF7F008C0055 /* Products */;
			projectDirPath = "";
			projectRoot = "";
			targets = (
				88CD310F2351EF7F008C0055 /* Tupik */,
			);
		};
/* End PBXProject section */

/* Begin PBXResourcesBuildPhase section */
		88CD310E2351EF7F008C0055 /* Resources */ = {
			isa = PBXResourcesBuildPhase;
			buildActionMask = 2147483647;
			files = (
				88CD31232351EF82008C0055 /* LaunchScreen.storyboard in Resources */,
				88CD31202351EF82008C0055 /* Assets.xcassets in Resources */,
				88CD311B2351EF7F008C0055 /* Main.storyboard in Resources */,
			);
			runOnlyForDeploymentPostprocessing = 0;
		};
/* End PBXResourcesBuildPhase section */

/* Begin PBXSourcesBuildPhase section */
		88CD310C2351EF7F008C0055 /* Sources */ = {
			isa = PBXSourcesBuildPhase;
			buildActionMask = 2147483647;
			files = (
				88CD31182351EF7F008C0055 /* ViewController.swift in Sources */,
				889A511923543D2200589645 /* DetectionController.swift in Sources */,
				88D8716423809E4B000275B8 /* RegistrationController.swift in Sources */,
				88CD31142351EF7F008C0055 /* AppDelegate.swift in Sources */,
				88D8716623809E6C000275B8 /* ConfirmController.swift in Sources */,
				88CD31162351EF7F008C0055 /* SceneDelegate.swift in Sources */,
				88D8716C2380C723000275B8 /* TableViewCell.swift in Sources */,
				88D871682380B441000275B8 /* SendMessageController.swift in Sources */,
				88D8716A2380C39C000275B8 /* MessagesController.swift in Sources */,
				882A7A492353A33600DC4F02 /* TabBarController.swift in Sources */,
				88CD311E2351EF7F008C0055 /* Tupik.xcdatamodeld in Sources */,
			);
			runOnlyForDeploymentPostprocessing = 0;
		};
/* End PBXSourcesBuildPhase section */

/* Begin PBXVariantGroup section */
		88CD31192351EF7F008C0055 /* Main.storyboard */ = {
			isa = PBXVariantGroup;
			children = (
				88CD311A2351EF7F008C0055 /* Base */,
			);
			name = Main.storyboard;
			sourceTree = "<group>";
		};
		88CD31212351EF82008C0055 /* LaunchScreen.storyboard */ = {
			isa = PBXVariantGroup;
			children = (
				88CD31222351EF82008C0055 /* Base */,
			);
			name = LaunchScreen.storyboard;
			sourceTree = "<group>";
		};
/* End PBXVariantGroup section */

/* Begin XCBuildConfiguration section */
		88CD31252351EF82008C0055 /* Debug */ = {
			isa = XCBuildConfiguration;
			buildSettings = {
				ALWAYS_SEARCH_USER_PATHS = NO;
				CLANG_ANALYZER_NONNULL = YES;
				CLANG_ANALYZER_NUMBER_OBJECT_CONVERSION = YES_AGGRESSIVE;
				CLANG_CXX_LANGUAGE_STANDARD = "gnu++14";
				CLANG_CXX_LIBRARY = "libc++";
				CLANG_ENABLE_MODULES = YES;
				CLANG_ENABLE_OBJC_ARC = YES;
				CLANG_ENABLE_OBJC_WEAK = YES;
				CLANG_WARN_BLOCK_CAPTURE_AUTORELEASING = YES;
				CLANG_WARN_BOOL_CONVERSION = YES;
				CLANG_WARN_COMMA = YES;
				CLANG_WARN_CONSTANT_CONVERSION = YES;
				CLANG_WARN_DEPRECATED_OBJC_IMPLEMENTATIONS = YES;
				CLANG_WARN_DIRECT_OBJC_ISA_USAGE = YES_ERROR;
				CLANG_WARN_DOCUMENTATION_COMMENTS = YES;
				CLANG_WARN_EMPTY_BODY = YES;
				CLANG_WARN_ENUM_CONVERSION = YES;
				CLANG_WARN_INFINITE_RECURSION = YES;
				CLANG_WARN_INT_CONVERSION = YES;
				CLANG_WARN_NON_LITERAL_NULL_CONVERSION = YES;
				CLANG_WARN_OBJC_IMPLICIT_RETAIN_SELF = YES;
				CLANG_WARN_OBJC_LITERAL_CONVERSION = YES;
				CLANG_WARN_OBJC_ROOT_CLASS = YES_ERROR;
				CLANG_WARN_RANGE_LOOP_ANALYSIS = YES;
				CLANG_WARN_STRICT_PROTOTYPES = YES;
				CLANG_WARN_SUSPICIOUS_MOVE = YES;
				CLANG_WARN_UNGUARDED_AVAILABILITY = YES_AGGRESSIVE;
				CLANG_WARN_UNREACHABLE_CODE = YES;
				CLANG_WARN__DUPLICATE_METHOD_MATCH = YES;
				COPY_PHASE_STRIP = NO;
				DEBUG_INFORMATION_FORMAT = dwarf;
				ENABLE_STRICT_OBJC_MSGSEND = YES;
				ENABLE_TESTABILITY = YES;
				GCC_C_LANGUAGE_STANDARD = gnu11;
				GCC_DYNAMIC_NO_PIC = NO;
				GCC_NO_COMMON_BLOCKS = YES;
				GCC_OPTIMIZATION_LEVEL = 0;
				GCC_PREPROCESSOR_DEFINITIONS = (
					"DEBUG=1",
					"$(inherited)",
				);
				GCC_WARN_64_TO_32_BIT_CONVERSION = YES;
				GCC_WARN_ABOUT_RETURN_TYPE = YES_ERROR;
				GCC_WARN_UNDECLARED_SELECTOR = YES;
				GCC_WARN_UNINITIALIZED_AUTOS = YES_AGGRESSIVE;
				GCC_WARN_UNUSED_FUNCTION = YES;
				GCC_WARN_UNUSED_VARIABLE = YES;
				IPHONEOS_DEPLOYMENT_TARGET = 13.1;
				MTL_ENABLE_DEBUG_INFO = INCLUDE_SOURCE;
				MTL_FAST_MATH = YES;
				ONLY_ACTIVE_ARCH = YES;
				SDKROOT = iphoneos;
				SWIFT_ACTIVE_COMPILATION_CONDITIONS = DEBUG;
				SWIFT_OPTIMIZATION_LEVEL = "-Onone";
			};
			name = Debug;
		};
		88CD31262351EF82008C0055 /* Release */ = {
			isa = XCBuildConfiguration;
			buildSettings = {
				ALWAYS_SEARCH_USER_PATHS = NO;
				CLANG_ANALYZER_NONNULL = YES;
				CLANG_ANALYZER_NUMBER_OBJECT_CONVERSION = YES_AGGRESSIVE;
				CLANG_CXX_LANGUAGE_STANDARD = "gnu++14";
				CLANG_CXX_LIBRARY = "libc++";
				CLANG_ENABLE_MODULES = YES;
				CLANG_ENABLE_OBJC_ARC = YES;
				CLANG_ENABLE_OBJC_WEAK = YES;
				CLANG_WARN_BLOCK_CAPTURE_AUTORELEASING = YES;
				CLANG_WARN_BOOL_CONVERSION = YES;
				CLANG_WARN_COMMA = YES;
				CLANG_WARN_CONSTANT_CONVERSION = YES;
				CLANG_WARN_DEPRECATED_OBJC_IMPLEMENTATIONS = YES;
				CLANG_WARN_DIRECT_OBJC_ISA_USAGE = YES_ERROR;
				CLANG_WARN_DOCUMENTATION_COMMENTS = YES;
				CLANG_WARN_EMPTY_BODY = YES;
				CLANG_WARN_ENUM_CONVERSION = YES;
				CLANG_WARN_INFINITE_RECURSION = YES;
				CLANG_WARN_INT_CONVERSION = YES;
				CLANG_WARN_NON_LITERAL_NULL_CONVERSION = YES;
				CLANG_WARN_OBJC_IMPLICIT_RETAIN_SELF = YES;
				CLANG_WARN_OBJC_LITERAL_CONVERSION = YES;
				CLANG_WARN_OBJC_ROOT_CLASS = YES_ERROR;
				CLANG_WARN_RANGE_LOOP_ANALYSIS = YES;
				CLANG_WARN_STRICT_PROTOTYPES = YES;
				CLANG_WARN_SUSPICIOUS_MOVE = YES;
				CLANG_WARN_UNGUARDED_AVAILABILITY = YES_AGGRESSIVE;
				CLANG_WARN_UNREACHABLE_CODE = YES;
				CLANG_WARN__DUPLICATE_METHOD_MATCH = YES;
				COPY_PHASE_STRIP = NO;
				DEBUG_INFORMATION_FORMAT = "dwarf-with-dsym";
				ENABLE_NS_ASSERTIONS = NO;
				ENABLE_STRICT_OBJC_MSGSEND = YES;
				GCC_C_LANGUAGE_STANDARD = gnu11;
				GCC_NO_COMMON_BLOCKS = YES;
				GCC_WARN_64_TO_32_BIT_CONVERSION = YES;
				GCC_WARN_ABOUT_RETURN_TYPE = YES_ERROR;
				GCC_WARN_UNDECLARED_SELECTOR = YES;
				GCC_WARN_UNINITIALIZED_AUTOS = YES_AGGRESSIVE;
				GCC_WARN_UNUSED_FUNCTION = YES;
				GCC_WARN_UNUSED_VARIABLE = YES;
				IPHONEOS_DEPLOYMENT_TARGET = 13.1;
				MTL_ENABLE_DEBUG_INFO = NO;
				MTL_FAST_MATH = YES;
				SDKROOT = iphoneos;
				SWIFT_COMPILATION_MODE = wholemodule;
				SWIFT_OPTIMIZATION_LEVEL = "-O";
				VALIDATE_PRODUCT = YES;
			};
			name = Release;
		};
		88CD31282351EF82008C0055 /* Debug */ = {
			isa = XCBuildConfiguration;
			buildSettings = {
				ASSETCATALOG_COMPILER_APPICON_NAME = AppIcon;
				CODE_SIGN_STYLE = Automatic;
				DEVELOPMENT_TEAM = 25F2R883U6;
				INFOPLIST_FILE = Tupik/Info.plist;
				IPHONEOS_DEPLOYMENT_TARGET = 10.0;
				LD_RUNPATH_SEARCH_PATHS = (
					"$(inherited)",
					"@executable_path/Frameworks",
				);
				PRODUCT_BUNDLE_IDENTIFIER = com.XCode.Tupik;
				PRODUCT_NAME = "$(TARGET_NAME)";
				SWIFT_VERSION = 5.0;
				TARGETED_DEVICE_FAMILY = 1;
			};
			name = Debug;
		};
		88CD31292351EF82008C0055 /* Release */ = {
			isa = XCBuildConfiguration;
			buildSettings = {
				ASSETCATALOG_COMPILER_APPICON_NAME = AppIcon;
				CODE_SIGN_STYLE = Automatic;
				DEVELOPMENT_TEAM = 25F2R883U6;
				INFOPLIST_FILE = Tupik/Info.plist;
				IPHONEOS_DEPLOYMENT_TARGET = 10.0;
				LD_RUNPATH_SEARCH_PATHS = (
					"$(inherited)",
					"@executable_path/Frameworks",
				);
				PRODUCT_BUNDLE_IDENTIFIER = com.XCode.Tupik;
				PRODUCT_NAME = "$(TARGET_NAME)";
				SWIFT_VERSION = 5.0;
				TARGETED_DEVICE_FAMILY = 1;
			};
			name = Release;
		};
/* End XCBuildConfiguration section */

/* Begin XCConfigurationList section */
		88CD310B2351EF7F008C0055 /* Build configuration list for PBXProject "Tupik" */ = {
			isa = XCConfigurationList;
			buildConfigurations = (
				88CD31252351EF82008C0055 /* Debug */,
				88CD31262351EF82008C0055 /* Release */,
			);
			defaultConfigurationIsVisible = 0;
			defaultConfigurationName = Release;
		};
		88CD31272351EF82008C0055 /* Build configuration list for PBXNativeTarget "Tupik" */ = {
			isa = XCConfigurationList;
			buildConfigurations = (
				88CD31282351EF82008C0055 /* Debug */,
				88CD31292351EF82008C0055 /* Release */,
			);
			defaultConfigurationIsVisible = 0;
			defaultConfigurationName = Release;
		};
/* End XCConfigurationList section */

/* Begin XCVersionGroup section */
		88CD311C2351EF7F008C0055 /* Tupik.xcdatamodeld */ = {
			isa = XCVersionGroup;
			children = (
				88CD311D2351EF7F008C0055 /* Tupik.xcdatamodel */,
			);
			currentVersion = 88CD311D2351EF7F008C0055 /* Tupik.xcdatamodel */;
			path = Tupik.xcdatamodeld;
			sourceTree = "<group>";
			versionGroupType = wrapper.xcdatamodel;
		};
/* End XCVersionGroup section */
	};
	rootObject = 88CD31082351EF7F008C0055 /* Project object */;
}
